
Microsoft Visual Studio Solution File, Format Version 12.00
# Visual Studio Version 17
VisualStudioVersion = 17.4.33213.308
MinimumVisualStudioVersion = 10.0.40219.1
Project("{9A19103F-16F7-4668-BE54-9A1E7A4F7556}") = "Evidence", "evidence\Evidence.csproj", "{2254F652-3CE7-4379-9359-34BDD3953243}"
EndProject
Global
	GlobalSection(SolutionConfigurationPlatforms) = preSolution
		Debug|Any CPU = Debug|Any CPU
		Release|Any CPU = Release|Any CPU
	EndGlobalSection
	GlobalSection(ProjectConfigurationPlatforms) = postSolution
		{2254F652-3CE7-4379-9359-34BDD3953243}.Debug|Any CPU.ActiveCfg = Debug|Any CPU
		{2254F652-3CE7-4379-9359-34BDD3953243}.Debug|Any CPU.Build.0 = Debug|Any CPU
		{2254F652-3CE7-4379-9359-34BDD3953243}.Release|Any CPU.ActiveCfg = Release|Any CPU
		{2254F652-3CE7-4379-9359-34BDD3953243}.Release|Any CPU.Build.0 = Release|Any CPU
	EndGlobalSection
	GlobalSection(SolutionProperties) = preSolution
		HideSolutionNode = FALSE
	EndGlobalSection
	GlobalSection(ExtensibilityGlobals) = postSolution
		SolutionGuid = {90DE2D6F-E08B-4E3D-9914-E87DDC157B80}
	EndGlobalSection
EndGlobal
